
Microsoft Visual Studio Solution File, Format Version 12.00
Project("{FAE04EC0-301F-11D3-BF4B-00C04F79EFBC}") = "lesson65", "lesson65\lesson65.csproj", "{C2F02637-1636-49BD-B4C7-A32A8764F8CC}"
EndProject
Global
	GlobalSection(SolutionConfigurationPlatforms) = preSolution
		Debug|Any CPU = Debug|Any CPU
		Release|Any CPU = Release|Any CPU
	EndGlobalSection
	GlobalSection(ProjectConfigurationPlatforms) = postSolution
		{C2F02637-1636-49BD-B4C7-A32A8764F8CC}.Debug|Any CPU.ActiveCfg = Debug|Any CPU
		{C2F02637-1636-49BD-B4C7-A32A8764F8CC}.Debug|Any CPU.Build.0 = Debug|Any CPU
		{C2F02637-1636-49BD-B4C7-A32A8764F8CC}.Release|Any CPU.ActiveCfg = Release|Any CPU
		{C2F02637-1636-49BD-B4C7-A32A8764F8CC}.Release|Any CPU.Build.0 = Release|Any CPU
	EndGlobalSection
EndGlobal
